
Microsoft Visual Studio Solution File, Format Version 12.00
# Visual Studio 2013
VisualStudioVersion = 12.0.30723.0
MinimumVisualStudioVersion = 10.0.40219.1
Project("{FAE04EC0-301F-11D3-BF4B-00C04F79EFBC}") = "BurkhartPyramid", "BurkhartPyramid\BurkhartPyramid.csproj", "{A782DEA1-5B46-4C70-A5F3-F43C6C039AFE}"
EndProject
Global
	GlobalSection(SolutionConfigurationPlatforms) = preSolution
		Debug|Any CPU = Debug|Any CPU
		Release|Any CPU = Release|Any CPU
	EndGlobalSection
	GlobalSection(ProjectConfigurationPlatforms) = postSolution
		{A782DEA1-5B46-4C70-A5F3-F43C6C039AFE}.Debug|Any CPU.ActiveCfg = Debug|Any CPU
		{A782DEA1-5B46-4C70-A5F3-F43C6C039AFE}.Debug|Any CPU.Build.0 = Debug|Any CPU
		{A782DEA1-5B46-4C70-A5F3-F43C6C039AFE}.Release|Any CPU.ActiveCfg = Release|Any CPU
		{A782DEA1-5B46-4C70-A5F3-F43C6C039AFE}.Release|Any CPU.Build.0 = Release|Any CPU
	EndGlobalSection
	GlobalSection(SolutionProperties) = preSolution
		HideSolutionNode = FALSE
	EndGlobalSection
EndGlobal
